
Microsoft Visual Studio Solution File, Format Version 12.00
# Visual Studio Version 17
VisualStudioVersion = 17.5.33530.505
MinimumVisualStudioVersion = 10.0.40219.1
Project("{00D1A9C2-B5F0-4AF3-8072-F6C62B433612}") = "Ecommerce Test", "Ecommerce Test.sqlproj", "{6F230036-5038-4456-A561-F1049E220FDA}"
EndProject
Global
	GlobalSection(SolutionConfigurationPlatforms) = preSolution
		Debug|Any CPU = Debug|Any CPU
		Release|Any CPU = Release|Any CPU
	EndGlobalSection
	GlobalSection(ProjectConfigurationPlatforms) = postSolution
		{6F230036-5038-4456-A561-F1049E220FDA}.Debug|Any CPU.ActiveCfg = Debug|Any CPU
		{6F230036-5038-4456-A561-F1049E220FDA}.Debug|Any CPU.Build.0 = Debug|Any CPU
		{6F230036-5038-4456-A561-F1049E220FDA}.Debug|Any CPU.Deploy.0 = Debug|Any CPU
		{6F230036-5038-4456-A561-F1049E220FDA}.Release|Any CPU.ActiveCfg = Release|Any CPU
		{6F230036-5038-4456-A561-F1049E220FDA}.Release|Any CPU.Build.0 = Release|Any CPU
		{6F230036-5038-4456-A561-F1049E220FDA}.Release|Any CPU.Deploy.0 = Release|Any CPU
	EndGlobalSection
	GlobalSection(SolutionProperties) = preSolution
		HideSolutionNode = FALSE
	EndGlobalSection
	GlobalSection(ExtensibilityGlobals) = postSolution
		SolutionGuid = {EE814839-F171-4FAF-8C9C-75511936B1AA}
	EndGlobalSection
EndGlobal
